
Microsoft Visual Studio Solution File, Format Version 12.00
# Visual Studio Version 16
VisualStudioVersion = 16.0.30503.244
MinimumVisualStudioVersion = 10.0.40219.1
Project("{FAE04EC0-301F-11D3-BF4B-00C04F79EFBC}") = "CompleteCSharp", "CompleteCSharp.csproj", "{48ADC3C4-62EE-4C65-8D06-2A27857CD60B}"
EndProject
Global
	GlobalSection(SolutionConfigurationPlatforms) = preSolution
		Debug|Any CPU = Debug|Any CPU
		Release|Any CPU = Release|Any CPU
	EndGlobalSection
	GlobalSection(ProjectConfigurationPlatforms) = postSolution
		{48ADC3C4-62EE-4C65-8D06-2A27857CD60B}.Debug|Any CPU.ActiveCfg = Debug|Any CPU
		{48ADC3C4-62EE-4C65-8D06-2A27857CD60B}.Debug|Any CPU.Build.0 = Debug|Any CPU
		{48ADC3C4-62EE-4C65-8D06-2A27857CD60B}.Release|Any CPU.ActiveCfg = Release|Any CPU
		{48ADC3C4-62EE-4C65-8D06-2A27857CD60B}.Release|Any CPU.Build.0 = Release|Any CPU
	EndGlobalSection
	GlobalSection(SolutionProperties) = preSolution
		HideSolutionNode = FALSE
	EndGlobalSection
	GlobalSection(ExtensibilityGlobals) = postSolution
		SolutionGuid = {5AD709E1-D153-4196-8508-BF5E87E5F01D}
	EndGlobalSection
EndGlobal
